# THIS IS AN AUTOGENERATED FILE. DO NOT EDIT THIS FILE DIRECTLY.
# yarn lockfile v1


"@babel/helper-get-function-arity@^7.10.4":
  version "7.10.4"
  resolved "https://registry.yarnpkg.com/@babel/helper-get-function-arity/-/helper-get-function-arity-7.10.4.tgz#98c1cbea0e2332f33f9a4661b8ce1505b2c19ba2"
  integrity sha512-EkN3YDB+SRDgiIUnNgcmiD361ti+AVbL3f3Henf6dqqUyr5dMsorno0lJWJuLhDhkI5sYEpgj6y9kB8AOU1I2A==
  dependencies:
    "@babel/types" "^7.10.4"

"@babel/helper-plugin-utils@^7.10.4", "@babel/helper-plugin-utils@^7.8.0":
  version "7.10.4"
  resolved "https://registry.yarnpkg.com/@babel/helper-plugin-utils/-/helper-plugin-utils-7.10.4.tgz#2f75a831269d4f677de49986dff59927533cf375"
  integrity sha512-O4KCvQA6lLiMU9l2eawBPMf1xPP8xPfB3iEQw150hOVTqj/rfXz0ThTb4HEzqQfs2Bmo5Ay8BzxfzVtBrr9dVg==

"@babel/helper-validator-identifier@^7.10.4":
  version "7.10.4"
  resolved "https://registry.yarnpkg.com/@babel/helper-validator-identifier/-/helper-validator-identifier-7.10.4.tgz#a78c7a7251e01f616512d31b10adcf52ada5e0d2"
  integrity sha512-3U9y+43hz7ZM+rzG24Qe2mufW5KhvFg/NhnNph+i9mgCtdTCtMJuI1TMkrIUiK7Ix4PYlRF9I5dhqaLYA/ADXw==

"@babel/plugin-proposal-object-rest-spread@^7.10.4":
  version "7.10.4"
  resolved "https://registry.yarnpkg.com/@babel/plugin-proposal-object-rest-spread/-/plugin-proposal-object-rest-spread-7.10.4.tgz#50129ac216b9a6a55b3853fdd923e74bf553a4c0"
  integrity sha512-6vh4SqRuLLarjgeOf4EaROJAHjvu9Gl+/346PbDH9yWbJyfnJ/ah3jmYKYtswEyCoWZiidvVHjHshd4WgjB9BA==
  dependencies:
    "@babel/helper-plugin-utils" "^7.10.4"
    "@babel/plugin-syntax-object-rest-spread" "^7.8.0"
    "@babel/plugin-transform-parameters" "^7.10.4"

"@babel/plugin-syntax-object-rest-spread@^7.8.0":
  version "7.8.3"
  resolved "https://registry.yarnpkg.com/@babel/plugin-syntax-object-rest-spread/-/plugin-syntax-object-rest-spread-7.8.3.tgz#60e225edcbd98a640332a2e72dd3e66f1af55871"
  integrity sha512-XoqMijGZb9y3y2XskN+P1wUGiVwWZ5JmoDRwx5+3GmEplNyVM2s2Dg8ILFQm8rWM48orGy5YpI5Bl8U1y7ydlA==
  dependencies:
    "@babel/helper-plugin-utils" "^7.8.0"

"@babel/plugin-transform-parameters@^7.10.4":
  version "7.10.4"
  resolved "https://registry.yarnpkg.com/@babel/plugin-transform-parameters/-/plugin-transform-parameters-7.10.4.tgz#7b4d137c87ea7adc2a0f3ebf53266871daa6fced"
  integrity sha512-RurVtZ/D5nYfEg0iVERXYKEgDFeesHrHfx8RT05Sq57ucj2eOYAP6eu5fynL4Adju4I/mP/I6SO0DqNWAXjfLQ==
  dependencies:
    "@babel/helper-get-function-arity" "^7.10.4"
    "@babel/helper-plugin-utils" "^7.10.4"

"@babel/types@^7.10.4":
  version "7.10.4"
  resolved "https://registry.yarnpkg.com/@babel/types/-/types-7.10.4.tgz#369517188352e18219981efd156bfdb199fff1ee"
  integrity sha512-UTCFOxC3FsFHb7lkRMVvgLzaRVamXuAs2Tz4wajva4WxtVY82eZeaUBtC2Zt95FU9TiznuC0Zk35tsim8jeVpg==
  dependencies:
    "@babel/helper-validator-identifier" "^7.10.4"
    lodash "^4.17.13"
    to-fast-properties "^2.0.0"

lodash@^4.17.13:
  version "4.17.19"
  resolved "https://registry.yarnpkg.com/lodash/-/lodash-4.17.19.tgz#e48ddedbe30b3321783c5b4301fbd353bc1e4a4b"
  integrity sha512-JNvd8XER9GQX0v2qJgsaN/mzFCNA5BRe/j8JN9d+tWyGLSodKQHKFicdwNYzWwI3wjRnaKPsGj1XkBjx/F96DQ==

to-fast-properties@^2.0.0:
  version "2.0.0"
  resolved "https://registry.yarnpkg.com/to-fast-properties/-/to-fast-properties-2.0.0.tgz#dc5e698cbd079265bc73e0377681a4e4e83f616e"
  integrity sha1-3F5pjL0HkmW8c+A3doGk5Og/YW4=
